# THIS IS AN AUTOGENERATED FILE. DO NOT EDIT THIS FILE DIRECTLY.
# yarn lockfile v1


is-promise@^2.0.0:
  version "2.2.2"
  resolved "https://registry.yarnpkg.com/is-promise/-/is-promise-2.2.2.tgz#39ab959ccbf9a774cf079f7b40c7a26f763135f1"
  integrity sha512-+lP4/6lKUBfQjZ2pdxThZvLUAafmZb8OAxFb8XXtiQmS35INgr85hdOGoEs124ez1FCnZJt6jau/T+alh58QFQ==

left-pad@0.0.1:
  version "0.0.1"
  resolved "https://registry.yarnpkg.com/left-pad/-/left-pad-0.0.1.tgz#dd5c2286864eabb1979d6c687a9655e2f92d56fa"
  integrity sha1-3VwihoZOq7GXnWxoepZV4vktVvo=
